
Microsoft Visual Studio Solution File, Format Version 12.00
# Visual Studio Version 16
VisualStudioVersion = 16.0.34902.97
MinimumVisualStudioVersion = 10.0.40219.1
Project("{FAE04EC0-301F-11D3-BF4B-00C04F79EFBC}") = "De2 bai2", "De2 bai2\De2 bai2.csproj", "{DFB64477-8037-4BF9-93DA-3D04688146F3}"
EndProject
Global
	GlobalSection(SolutionConfigurationPlatforms) = preSolution
		Debug|Any CPU = Debug|Any CPU
		Release|Any CPU = Release|Any CPU
	EndGlobalSection
	GlobalSection(ProjectConfigurationPlatforms) = postSolution
		{DFB64477-8037-4BF9-93DA-3D04688146F3}.Debug|Any CPU.ActiveCfg = Debug|Any CPU
		{DFB64477-8037-4BF9-93DA-3D04688146F3}.Debug|Any CPU.Build.0 = Debug|Any CPU
		{DFB64477-8037-4BF9-93DA-3D04688146F3}.Release|Any CPU.ActiveCfg = Release|Any CPU
		{DFB64477-8037-4BF9-93DA-3D04688146F3}.Release|Any CPU.Build.0 = Release|Any CPU
	EndGlobalSection
	GlobalSection(SolutionProperties) = preSolution
		HideSolutionNode = FALSE
	EndGlobalSection
	GlobalSection(ExtensibilityGlobals) = postSolution
		SolutionGuid = {5D1C3316-49CE-4694-A608-3CD852C5C318}
	EndGlobalSection
EndGlobal
