
Microsoft Visual Studio Solution File, Format Version 12.00
# Visual Studio Version 16
VisualStudioVersion = 16.0.34902.97
MinimumVisualStudioVersion = 10.0.40219.1
Project("{FAE04EC0-301F-11D3-BF4B-00C04F79EFBC}") = "Buoi4", "Buoi4\Buoi4.csproj", "{B9C7E3DA-8C90-40C6-814F-2EC56344AAEE}"
EndProject
Global
	GlobalSection(SolutionConfigurationPlatforms) = preSolution
		Debug|Any CPU = Debug|Any CPU
		Release|Any CPU = Release|Any CPU
	EndGlobalSection
	GlobalSection(ProjectConfigurationPlatforms) = postSolution
		{B9C7E3DA-8C90-40C6-814F-2EC56344AAEE}.Debug|Any CPU.ActiveCfg = Debug|Any CPU
		{B9C7E3DA-8C90-40C6-814F-2EC56344AAEE}.Debug|Any CPU.Build.0 = Debug|Any CPU
		{B9C7E3DA-8C90-40C6-814F-2EC56344AAEE}.Release|Any CPU.ActiveCfg = Release|Any CPU
		{B9C7E3DA-8C90-40C6-814F-2EC56344AAEE}.Release|Any CPU.Build.0 = Release|Any CPU
	EndGlobalSection
	GlobalSection(SolutionProperties) = preSolution
		HideSolutionNode = FALSE
	EndGlobalSection
	GlobalSection(ExtensibilityGlobals) = postSolution
		SolutionGuid = {BF0E854C-B5BE-48AB-8B08-27E07EF3F46C}
	EndGlobalSection
EndGlobal
