
Microsoft Visual Studio Solution File, Format Version 12.00
# Visual Studio Version 16
VisualStudioVersion = 16.0.34902.97
MinimumVisualStudioVersion = 10.0.40219.1
Project("{FAE04EC0-301F-11D3-BF4B-00C04F79EFBC}") = "De4 bai2", "De4 bai2\De4 bai2.csproj", "{A6A6B395-1E87-4177-8CFB-D9E5345EF8C3}"
EndProject
Global
	GlobalSection(SolutionConfigurationPlatforms) = preSolution
		Debug|Any CPU = Debug|Any CPU
		Release|Any CPU = Release|Any CPU
	EndGlobalSection
	GlobalSection(ProjectConfigurationPlatforms) = postSolution
		{A6A6B395-1E87-4177-8CFB-D9E5345EF8C3}.Debug|Any CPU.ActiveCfg = Debug|Any CPU
		{A6A6B395-1E87-4177-8CFB-D9E5345EF8C3}.Debug|Any CPU.Build.0 = Debug|Any CPU
		{A6A6B395-1E87-4177-8CFB-D9E5345EF8C3}.Release|Any CPU.ActiveCfg = Release|Any CPU
		{A6A6B395-1E87-4177-8CFB-D9E5345EF8C3}.Release|Any CPU.Build.0 = Release|Any CPU
	EndGlobalSection
	GlobalSection(SolutionProperties) = preSolution
		HideSolutionNode = FALSE
	EndGlobalSection
	GlobalSection(ExtensibilityGlobals) = postSolution
		SolutionGuid = {0081D1C4-1610-489B-9397-82C248D5DF59}
	EndGlobalSection
EndGlobal
