
Microsoft Visual Studio Solution File, Format Version 12.00
# Visual Studio Version 16
VisualStudioVersion = 16.0.35229.62
MinimumVisualStudioVersion = 10.0.40219.1
Project("{FAE04EC0-301F-11D3-BF4B-00C04F79EFBC}") = "De2", "De2\De2.csproj", "{6BA7C9CA-D5F7-46F6-9E22-C7C8668A6B58}"
EndProject
Global
	GlobalSection(SolutionConfigurationPlatforms) = preSolution
		Debug|Any CPU = Debug|Any CPU
		Release|Any CPU = Release|Any CPU
	EndGlobalSection
	GlobalSection(ProjectConfigurationPlatforms) = postSolution
		{6BA7C9CA-D5F7-46F6-9E22-C7C8668A6B58}.Debug|Any CPU.ActiveCfg = Debug|Any CPU
		{6BA7C9CA-D5F7-46F6-9E22-C7C8668A6B58}.Debug|Any CPU.Build.0 = Debug|Any CPU
		{6BA7C9CA-D5F7-46F6-9E22-C7C8668A6B58}.Release|Any CPU.ActiveCfg = Release|Any CPU
		{6BA7C9CA-D5F7-46F6-9E22-C7C8668A6B58}.Release|Any CPU.Build.0 = Release|Any CPU
	EndGlobalSection
	GlobalSection(SolutionProperties) = preSolution
		HideSolutionNode = FALSE
	EndGlobalSection
	GlobalSection(ExtensibilityGlobals) = postSolution
		SolutionGuid = {8D2104CF-1091-472F-BD4D-A16B5F64B290}
	EndGlobalSection
EndGlobal
