
Microsoft Visual Studio Solution File, Format Version 12.00
# Visual Studio Version 16
VisualStudioVersion = 16.0.34902.97
MinimumVisualStudioVersion = 10.0.40219.1
Project("{FAE04EC0-301F-11D3-BF4B-00C04F79EFBC}") = "De3 bai2", "De3 bai2\De3 bai2.csproj", "{F2BA8465-0E17-4B57-A518-E0D52D7AAFC8}"
EndProject
Global
	GlobalSection(SolutionConfigurationPlatforms) = preSolution
		Debug|Any CPU = Debug|Any CPU
		Release|Any CPU = Release|Any CPU
	EndGlobalSection
	GlobalSection(ProjectConfigurationPlatforms) = postSolution
		{F2BA8465-0E17-4B57-A518-E0D52D7AAFC8}.Debug|Any CPU.ActiveCfg = Debug|Any CPU
		{F2BA8465-0E17-4B57-A518-E0D52D7AAFC8}.Debug|Any CPU.Build.0 = Debug|Any CPU
		{F2BA8465-0E17-4B57-A518-E0D52D7AAFC8}.Release|Any CPU.ActiveCfg = Release|Any CPU
		{F2BA8465-0E17-4B57-A518-E0D52D7AAFC8}.Release|Any CPU.Build.0 = Release|Any CPU
	EndGlobalSection
	GlobalSection(SolutionProperties) = preSolution
		HideSolutionNode = FALSE
	EndGlobalSection
	GlobalSection(ExtensibilityGlobals) = postSolution
		SolutionGuid = {02FC2D88-57AE-4F30-9C7B-BA47C633E2B1}
	EndGlobalSection
EndGlobal
